
Microsoft Visual Studio Solution File, Format Version 12.00
# Visual Studio Version 17
VisualStudioVersion = 17.0.31903.59
MinimumVisualStudioVersion = 10.0.40219.1
Project("{2150E333-8FDC-42A3-9474-1A3956D46DE8}") = "src", "src", "{9E673C98-633A-41AC-B211-4033F1B4CE9F}"
EndProject
Project("{FAE04EC0-301F-11D3-BF4B-00C04F79EFBC}") = "Shouldify", "src\Shouldify\Shouldify.csproj", "{955D225C-9451-494C-863E-469F85AADF07}"
EndProject
Project("{2150E333-8FDC-42A3-9474-1A3956D46DE8}") = "tests", "tests", "{AE8BFE54-FB7B-4C72-B3FB-E1E57502FD9B}"
EndProject
Project("{FAE04EC0-301F-11D3-BF4B-00C04F79EFBC}") = "Shouldify.NUnit", "tests\Shouldify.NUnit\Shouldify.NUnit.csproj", "{88DA6E82-9475-491E-9D97-E9F95726D734}"
EndProject
Project("{FAE04EC0-301F-11D3-BF4B-00C04F79EFBC}") = "Shouldify.XUnit", "tests\Shouldify.XUnit\Shouldify.XUnit.csproj", "{4410D3B5-E8C4-4A51-A298-C8A7290FBEA5}"
EndProject
Project("{FAE04EC0-301F-11D3-BF4B-00C04F79EFBC}") = "Shouldify.MSTest", "tests\Shouldify.MSTest\Shouldify.MSTest.csproj", "{80C25B62-9DE2-4633-A26E-17E849551D5F}"
EndProject
Project("{FAE04EC0-301F-11D3-BF4B-00C04F79EFBC}") = "Shouldify.TUnit", "tests\Shouldify.TUnit\Shouldify.TUnit.csproj", "{9B097C89-A55F-4442-847D-4A77F6C74DBC}"
EndProject
Project("{FAE04EC0-301F-11D3-BF4B-00C04F79EFBC}") = "Shouldify.XUnit3", "tests\Shouldify.XUnit3\Shouldify.XUnit3.csproj", "{FA4CEB8B-427E-4E2C-9F9C-27CA76F592C4}"
EndProject
Global
	GlobalSection(SolutionConfigurationPlatforms) = preSolution
		Debug|Any CPU = Debug|Any CPU
		Release|Any CPU = Release|Any CPU
	EndGlobalSection
	GlobalSection(SolutionProperties) = preSolution
		HideSolutionNode = FALSE
	EndGlobalSection
	GlobalSection(ProjectConfigurationPlatforms) = postSolution
		{955D225C-9451-494C-863E-469F85AADF07}.Debug|Any CPU.ActiveCfg = Debug|Any CPU
		{955D225C-9451-494C-863E-469F85AADF07}.Debug|Any CPU.Build.0 = Debug|Any CPU
		{955D225C-9451-494C-863E-469F85AADF07}.Release|Any CPU.ActiveCfg = Release|Any CPU
		{955D225C-9451-494C-863E-469F85AADF07}.Release|Any CPU.Build.0 = Release|Any CPU
		{88DA6E82-9475-491E-9D97-E9F95726D734}.Debug|Any CPU.ActiveCfg = Debug|Any CPU
		{88DA6E82-9475-491E-9D97-E9F95726D734}.Debug|Any CPU.Build.0 = Debug|Any CPU
		{88DA6E82-9475-491E-9D97-E9F95726D734}.Release|Any CPU.ActiveCfg = Release|Any CPU
		{88DA6E82-9475-491E-9D97-E9F95726D734}.Release|Any CPU.Build.0 = Release|Any CPU
		{4410D3B5-E8C4-4A51-A298-C8A7290FBEA5}.Debug|Any CPU.ActiveCfg = Debug|Any CPU
		{4410D3B5-E8C4-4A51-A298-C8A7290FBEA5}.Debug|Any CPU.Build.0 = Debug|Any CPU
		{4410D3B5-E8C4-4A51-A298-C8A7290FBEA5}.Release|Any CPU.ActiveCfg = Release|Any CPU
		{4410D3B5-E8C4-4A51-A298-C8A7290FBEA5}.Release|Any CPU.Build.0 = Release|Any CPU
		{80C25B62-9DE2-4633-A26E-17E849551D5F}.Debug|Any CPU.ActiveCfg = Debug|Any CPU
		{80C25B62-9DE2-4633-A26E-17E849551D5F}.Debug|Any CPU.Build.0 = Debug|Any CPU
		{80C25B62-9DE2-4633-A26E-17E849551D5F}.Release|Any CPU.ActiveCfg = Release|Any CPU
		{80C25B62-9DE2-4633-A26E-17E849551D5F}.Release|Any CPU.Build.0 = Release|Any CPU
		{9B097C89-A55F-4442-847D-4A77F6C74DBC}.Debug|Any CPU.ActiveCfg = Debug|Any CPU
		{9B097C89-A55F-4442-847D-4A77F6C74DBC}.Debug|Any CPU.Build.0 = Debug|Any CPU
		{9B097C89-A55F-4442-847D-4A77F6C74DBC}.Release|Any CPU.ActiveCfg = Release|Any CPU
		{9B097C89-A55F-4442-847D-4A77F6C74DBC}.Release|Any CPU.Build.0 = Release|Any CPU
		{FA4CEB8B-427E-4E2C-9F9C-27CA76F592C4}.Debug|Any CPU.ActiveCfg = Debug|Any CPU
		{FA4CEB8B-427E-4E2C-9F9C-27CA76F592C4}.Debug|Any CPU.Build.0 = Debug|Any CPU
		{FA4CEB8B-427E-4E2C-9F9C-27CA76F592C4}.Release|Any CPU.ActiveCfg = Release|Any CPU
		{FA4CEB8B-427E-4E2C-9F9C-27CA76F592C4}.Release|Any CPU.Build.0 = Release|Any CPU
	EndGlobalSection
	GlobalSection(NestedProjects) = preSolution
		{955D225C-9451-494C-863E-469F85AADF07} = {9E673C98-633A-41AC-B211-4033F1B4CE9F}
		{88DA6E82-9475-491E-9D97-E9F95726D734} = {AE8BFE54-FB7B-4C72-B3FB-E1E57502FD9B}
		{4410D3B5-E8C4-4A51-A298-C8A7290FBEA5} = {AE8BFE54-FB7B-4C72-B3FB-E1E57502FD9B}
		{80C25B62-9DE2-4633-A26E-17E849551D5F} = {AE8BFE54-FB7B-4C72-B3FB-E1E57502FD9B}
		{9B097C89-A55F-4442-847D-4A77F6C74DBC} = {AE8BFE54-FB7B-4C72-B3FB-E1E57502FD9B}
		{FA4CEB8B-427E-4E2C-9F9C-27CA76F592C4} = {AE8BFE54-FB7B-4C72-B3FB-E1E57502FD9B}
	EndGlobalSection
EndGlobal
